
Microsoft Visual Studio Solution File, Format Version 12.00
# Visual Studio Version 17
VisualStudioVersion = 17.5.33414.496
MinimumVisualStudioVersion = 10.0.40219.1
Project("{FAE04EC0-301F-11D3-BF4B-00C04F79EFBC}") = "KiemTraThu", "KiemTraThu\KiemTraThu.csproj", "{87B33EF5-C776-409C-9C31-5B09F46BB2EE}"
EndProject
Global
	GlobalSection(SolutionConfigurationPlatforms) = preSolution
		Debug|Any CPU = Debug|Any CPU
		Release|Any CPU = Release|Any CPU
	EndGlobalSection
	GlobalSection(ProjectConfigurationPlatforms) = postSolution
		{87B33EF5-C776-409C-9C31-5B09F46BB2EE}.Debug|Any CPU.ActiveCfg = Debug|Any CPU
		{87B33EF5-C776-409C-9C31-5B09F46BB2EE}.Debug|Any CPU.Build.0 = Debug|Any CPU
		{87B33EF5-C776-409C-9C31-5B09F46BB2EE}.Release|Any CPU.ActiveCfg = Release|Any CPU
		{87B33EF5-C776-409C-9C31-5B09F46BB2EE}.Release|Any CPU.Build.0 = Release|Any CPU
	EndGlobalSection
	GlobalSection(SolutionProperties) = preSolution
		HideSolutionNode = FALSE
	EndGlobalSection
	GlobalSection(ExtensibilityGlobals) = postSolution
		SolutionGuid = {3EBA2611-DB5B-4666-9465-AEEEBE2F3BE9}
	EndGlobalSection
EndGlobal
